{
  "name": "dmp",
  "version": "1.0.0",
  "lockfileVersion": 3,
  "requires": true,
  "packages": {
    "": {
      "name": "dmp",
      "version": "1.0.0",
      "license": "MIT",
      "dependencies": {
        "diff-match-patch": "^1.0.5"
      },
      "devDependencies": {
        "tinybench": "^2.9.0"
      }
    },
    "node_modules/diff-match-patch": {
      "version": "1.0.5",
      "resolved": "https://registry.npmjs.org/diff-match-patch/-/diff-match-patch-1.0.5.tgz",
      "integrity": "sha512-IayShXAgj/QMXgB0IWmKx+rOPuGMhqm5w6jvFxmVenXKIzRqTAAsbBPT3kWQeGANj3jGgvcvv4yK6SxqYmikgw=="
    },
    "node_modules/tinybench": {
      "version": "2.9.0",
      "resolved": "https://registry.npmjs.org/tinybench/-/tinybench-2.9.0.tgz",
      "integrity": "sha512-0+DUvqWMValLmha6lr4kD8iAMK1HzV0/aKnCtWb9v9641TnP/MFb7Pc2bxoxQjTXAErryXVgUOfv2YqNllqGeg==",
      "dev": true
    }
  }
}
